
Microsoft Visual Studio Solution File, Format Version 12.00
# Visual Studio 2015
Project("{FAE04EC0-301F-11D3-BF4B-00C04F79EFBC}") = "RecycleProject.CSharp", "RecycleProject.CSharp.csproj", "{BE27D0CC-F6A0-F12E-5D1F-E6484CF2609A}"
EndProject
Project("{FAE04EC0-301F-11D3-BF4B-00C04F79EFBC}") = "RecycleProject.CSharp.Editor", "RecycleProject.CSharp.Editor.csproj", "{E8522C8F-CC37-0EE0-80C7-7B729FFA0B91}"
EndProject
Global
	GlobalSection(SolutionConfigurationPlatforms) = preSolution
		Debug|Any CPU = Debug|Any CPU
		Release|Any CPU = Release|Any CPU
	EndGlobalSection
	GlobalSection(ProjectConfigurationPlatforms) = postSolution
		{BE27D0CC-F6A0-F12E-5D1F-E6484CF2609A}.Debug|Any CPU.ActiveCfg = Debug|Any CPU
		{BE27D0CC-F6A0-F12E-5D1F-E6484CF2609A}.Debug|Any CPU.Build.0 = Debug|Any CPU
		{BE27D0CC-F6A0-F12E-5D1F-E6484CF2609A}.Release|Any CPU.ActiveCfg = Release|Any CPU
		{BE27D0CC-F6A0-F12E-5D1F-E6484CF2609A}.Release|Any CPU.Build.0 = Release|Any CPU
		{E8522C8F-CC37-0EE0-80C7-7B729FFA0B91}.Debug|Any CPU.ActiveCfg = Debug|Any CPU
		{E8522C8F-CC37-0EE0-80C7-7B729FFA0B91}.Debug|Any CPU.Build.0 = Debug|Any CPU
		{E8522C8F-CC37-0EE0-80C7-7B729FFA0B91}.Release|Any CPU.ActiveCfg = Release|Any CPU
		{E8522C8F-CC37-0EE0-80C7-7B729FFA0B91}.Release|Any CPU.Build.0 = Release|Any CPU
	EndGlobalSection
	GlobalSection(SolutionProperties) = preSolution
		HideSolutionNode = FALSE
	EndGlobalSection
EndGlobal
